// !$*UTF8*$!
{
	archiveVersion = 1;
	classes = {
	};
	objectVersion = 55;
	objects = {

/* Begin PBXBuildFile section */
		846A91E12811FF5B00CC2ABE /* Haptics.swift in Sources */ = {isa = PBXBuildFile; fileRef = 846A91E02811FF5B00CC2ABE /* Haptics.swift */; };
		846A91E32811FFC100CC2ABE /* Pedometer.swift in Sources */ = {isa = PBXBuildFile; fileRef = 846A91E22811FFC100CC2ABE /* Pedometer.swift */; };
		84D0D48127D9C1A800EB48E8 /* AppDataModel.swift in Sources */ = {isa = PBXBuildFile; fileRef = 84D0D48027D9C1A800EB48E8 /* AppDataModel.swift */; };
		84D0D48327D9C99600EB48E8 /* Home.swift in Sources */ = {isa = PBXBuildFile; fileRef = 84D0D48227D9C99600EB48E8 /* Home.swift */; };
		84D0D4CC27E3F03100EB48E8 /* CodeScanner in Frameworks */ = {isa = PBXBuildFile; productRef = 84D0D4CB27E3F03100EB48E8 /* CodeScanner */; };
		9C12A03327D18F1D0009334D /* DoorCodeNavigationApp.swift in Sources */ = {isa = PBXBuildFile; fileRef = 9C12A03227D18F1D0009334D /* DoorCodeNavigationApp.swift */; };
		9C12A03527D18F1D0009334D /* ContentView.swift in Sources */ = {isa = PBXBuildFile; fileRef = 9C12A03427D18F1D0009334D /* ContentView.swift */; };
		9C12A03727D18F1F0009334D /* Assets.xcassets in Resources */ = {isa = PBXBuildFile; fileRef = 9C12A03627D18F1F0009334D /* Assets.xcassets */; };
		9C12A03A27D18F1F0009334D /* Preview Assets.xcassets in Resources */ = {isa = PBXBuildFile; fileRef = 9C12A03927D18F1F0009334D /* Preview Assets.xcassets */; };
		9C12A04427D18F1F0009334D /* DoorCodeNavigationTests.swift in Sources */ = {isa = PBXBuildFile; fileRef = 9C12A04327D18F1F0009334D /* DoorCodeNavigationTests.swift */; };
		9C12A04E27D18F1F0009334D /* DoorCodeNavigationUITests.swift in Sources */ = {isa = PBXBuildFile; fileRef = 9C12A04D27D18F1F0009334D /* DoorCodeNavigationUITests.swift */; };
		9C12A05027D18F1F0009334D /* DoorCodeNavigationUITestsLaunchTests.swift in Sources */ = {isa = PBXBuildFile; fileRef = 9C12A04F27D18F1F0009334D /* DoorCodeNavigationUITestsLaunchTests.swift */; };
		C531C01A2808CE64006A8DC0 /* AudioSounds.swift in Sources */ = {isa = PBXBuildFile; fileRef = C531C0192808CE64006A8DC0 /* AudioSounds.swift */; };
		C531C01E2808D630006A8DC0 /* turnright.mp3 in Resources */ = {isa = PBXBuildFile; fileRef = C531C01D2808D630006A8DC0 /* turnright.mp3 */; };
		C531C0202808D634006A8DC0 /* turnleft.mp3 in Resources */ = {isa = PBXBuildFile; fileRef = C531C01F2808D634006A8DC0 /* turnleft.mp3 */; };
		C5FB40572811E098008809AA /* distancemanager.swift in Sources */ = {isa = PBXBuildFile; fileRef = C5FB40562811E098008809AA /* distancemanager.swift */; };
		C5FB40592811E9C2008809AA /* MockPedometer.swift in Sources */ = {isa = PBXBuildFile; fileRef = C5FB40582811E9C2008809AA /* MockPedometer.swift */; };
/* End PBXBuildFile section */

/* Begin PBXContainerItemProxy section */
		9C12A04027D18F1F0009334D /* PBXContainerItemProxy */ = {
			isa = PBXContainerItemProxy;
			containerPortal = 9C12A02727D18F1D0009334D /* Project object */;
			proxyType = 1;
			remoteGlobalIDString = 9C12A02E27D18F1D0009334D;
			remoteInfo = DoorCodeNavigation;
		};
		9C12A04A27D18F1F0009334D /* PBXContainerItemProxy */ = {
			isa = PBXContainerItemProxy;
			containerPortal = 9C12A02727D18F1D0009334D /* Project object */;
			proxyType = 1;
			remoteGlobalIDString = 9C12A02E27D18F1D0009334D;
			remoteInfo = DoorCodeNavigation;
		};
/* End PBXContainerItemProxy section */

/* Begin PBXFileReference section */
		846A91E02811FF5B00CC2ABE /* Haptics.swift */ = {isa = PBXFileReference; lastKnownFileType = sourcecode.swift; path = Haptics.swift; sourceTree = "<group>"; };
		846A91E22811FFC100CC2ABE /* Pedometer.swift */ = {isa = PBXFileReference; lastKnownFileType = sourcecode.swift; path = Pedometer.swift; sourceTree = "<group>"; };
		84D0D47F27D9BF5E00EB48E8 /* Info.plist */ = {isa = PBXFileReference; lastKnownFileType = text.plist; path = Info.plist; sourceTree = "<group>"; };
		84D0D48027D9C1A800EB48E8 /* AppDataModel.swift */ = {isa = PBXFileReference; lastKnownFileType = sourcecode.swift; path = AppDataModel.swift; sourceTree = "<group>"; };
		84D0D48227D9C99600EB48E8 /* Home.swift */ = {isa = PBXFileReference; lastKnownFileType = sourcecode.swift; path = Home.swift; sourceTree = "<group>"; };
		9C12A02F27D18F1D0009334D /* DoorCodeNavigation.app */ = {isa = PBXFileReference; explicitFileType = wrapper.application; includeInIndex = 0; path = DoorCodeNavigation.app; sourceTree = BUILT_PRODUCTS_DIR; };
		9C12A03227D18F1D0009334D /* DoorCodeNavigationApp.swift */ = {isa = PBXFileReference; lastKnownFileType = sourcecode.swift; path = DoorCodeNavigationApp.swift; sourceTree = "<group>"; };
		9C12A03427D18F1D0009334D /* ContentView.swift */ = {isa = PBXFileReference; lastKnownFileType = sourcecode.swift; path = ContentView.swift; sourceTree = "<group>"; };
		9C12A03627D18F1F0009334D /* Assets.xcassets */ = {isa = PBXFileReference; lastKnownFileType = folder.assetcatalog; path = Assets.xcassets; sourceTree = "<group>"; };
		9C12A03927D18F1F0009334D /* Preview Assets.xcassets */ = {isa = PBXFileReference; lastKnownFileType = folder.assetcatalog; path = "Preview Assets.xcassets"; sourceTree = "<group>"; };
		9C12A03F27D18F1F0009334D /* DoorCodeNavigationTests.xctest */ = {isa = PBXFileReference; explicitFileType = wrapper.cfbundle; includeInIndex = 0; path = DoorCodeNavigationTests.xctest; sourceTree = BUILT_PRODUCTS_DIR; };
		9C12A04327D18F1F0009334D /* DoorCodeNavigationTests.swift */ = {isa = PBXFileReference; lastKnownFileType = sourcecode.swift; path = DoorCodeNavigationTests.swift; sourceTree = "<group>"; };
		9C12A04927D18F1F0009334D /* DoorCodeNavigationUITests.xctest */ = {isa = PBXFileReference; explicitFileType = wrapper.cfbundle; includeInIndex = 0; path = DoorCodeNavigationUITests.xctest; sourceTree = BUILT_PRODUCTS_DIR; };
		9C12A04D27D18F1F0009334D /* DoorCodeNavigationUITests.swift */ = {isa = PBXFileReference; lastKnownFileType = sourcecode.swift; path = DoorCodeNavigationUITests.swift; sourceTree = "<group>"; };
		9C12A04F27D18F1F0009334D /* DoorCodeNavigationUITestsLaunchTests.swift */ = {isa = PBXFileReference; lastKnownFileType = sourcecode.swift; path = DoorCodeNavigationUITestsLaunchTests.swift; sourceTree = "<group>"; };
		C531C0192808CE64006A8DC0 /* AudioSounds.swift */ = {isa = PBXFileReference; lastKnownFileType = sourcecode.swift; path = AudioSounds.swift; sourceTree = "<group>"; };
		C531C01D2808D630006A8DC0 /* turnright.mp3 */ = {isa = PBXFileReference; lastKnownFileType = audio.mp3; path = turnright.mp3; sourceTree = "<group>"; };
		C531C01F2808D634006A8DC0 /* turnleft.mp3 */ = {isa = PBXFileReference; lastKnownFileType = audio.mp3; path = turnleft.mp3; sourceTree = "<group>"; };
		C5FB40562811E098008809AA /* distancemanager.swift */ = {isa = PBXFileReference; lastKnownFileType = sourcecode.swift; path = distancemanager.swift; sourceTree = "<group>"; };
		C5FB40582811E9C2008809AA /* MockPedometer.swift */ = {isa = PBXFileReference; lastKnownFileType = sourcecode.swift; path = MockPedometer.swift; sourceTree = "<group>"; };
/* End PBXFileReference section */

/* Begin PBXFrameworksBuildPhase section */
		9C12A02C27D18F1D0009334D /* Frameworks */ = {
			isa = PBXFrameworksBuildPhase;
			buildActionMask = 2147483647;
			files = (
				84D0D4CC27E3F03100EB48E8 /* CodeScanner in Frameworks */,
			);
			runOnlyForDeploymentPostprocessing = 0;
		};
		9C12A03C27D18F1F0009334D /* Frameworks */ = {
			isa = PBXFrameworksBuildPhase;
			buildActionMask = 2147483647;
			files = (
			);
			runOnlyForDeploymentPostprocessing = 0;
		};
		9C12A04627D18F1F0009334D /* Frameworks */ = {
			isa = PBXFrameworksBuildPhase;
			buildActionMask = 2147483647;
			files = (
			);
			runOnlyForDeploymentPostprocessing = 0;
		};
/* End PBXFrameworksBuildPhase section */

/* Begin PBXGroup section */
		9C12A02627D18F1D0009334D = {
			isa = PBXGroup;
			children = (
				9C12A03127D18F1D0009334D /* DoorCodeNavigation */,
				9C12A04227D18F1F0009334D /* DoorCodeNavigationTests */,
				9C12A04C27D18F1F0009334D /* DoorCodeNavigationUITests */,
				9C12A03027D18F1D0009334D /* Products */,
			);
			sourceTree = "<group>";
		};
		9C12A03027D18F1D0009334D /* Products */ = {
			isa = PBXGroup;
			children = (
				9C12A02F27D18F1D0009334D /* DoorCodeNavigation.app */,
				9C12A03F27D18F1F0009334D /* DoorCodeNavigationTests.xctest */,
				9C12A04927D18F1F0009334D /* DoorCodeNavigationUITests.xctest */,
			);
			name = Products;
			sourceTree = "<group>";
		};
		9C12A03127D18F1D0009334D /* DoorCodeNavigation */ = {
			isa = PBXGroup;
			children = (
				84D0D47F27D9BF5E00EB48E8 /* Info.plist */,
				846A91E02811FF5B00CC2ABE /* Haptics.swift */,
				846A91E22811FFC100CC2ABE /* Pedometer.swift */,
				C5FB40562811E098008809AA /* distancemanager.swift */,
				9C12A03227D18F1D0009334D /* DoorCodeNavigationApp.swift */,
				9C12A03427D18F1D0009334D /* ContentView.swift */,
				C531C0192808CE64006A8DC0 /* AudioSounds.swift */,
				C5FB40582811E9C2008809AA /* MockPedometer.swift */,
				C531C01C2808D61E006A8DC0 /* Sounds */,
				84D0D48227D9C99600EB48E8 /* Home.swift */,
				9C12A03627D18F1F0009334D /* Assets.xcassets */,
				84D0D48027D9C1A800EB48E8 /* AppDataModel.swift */,
				9C12A03827D18F1F0009334D /* Preview Content */,
			);
			path = DoorCodeNavigation;
			sourceTree = "<group>";
		};
		9C12A03827D18F1F0009334D /* Preview Content */ = {
			isa = PBXGroup;
			children = (
				9C12A03927D18F1F0009334D /* Preview Assets.xcassets */,
			);
			path = "Preview Content";
			sourceTree = "<group>";
		};
		9C12A04227D18F1F0009334D /* DoorCodeNavigationTests */ = {
			isa = PBXGroup;
			children = (
				9C12A04327D18F1F0009334D /* DoorCodeNavigationTests.swift */,
			);
			path = DoorCodeNavigationTests;
			sourceTree = "<group>";
		};
		9C12A04C27D18F1F0009334D /* DoorCodeNavigationUITests */ = {
			isa = PBXGroup;
			children = (
				9C12A04D27D18F1F0009334D /* DoorCodeNavigationUITests.swift */,
				9C12A04F27D18F1F0009334D /* DoorCodeNavigationUITestsLaunchTests.swift */,
			);
			path = DoorCodeNavigationUITests;
			sourceTree = "<group>";
		};
		C531C01C2808D61E006A8DC0 /* Sounds */ = {
			isa = PBXGroup;
			children = (
				C531C01D2808D630006A8DC0 /* turnright.mp3 */,
				C531C01F2808D634006A8DC0 /* turnleft.mp3 */,
			);
			path = Sounds;
			sourceTree = "<group>";
		};
/* End PBXGroup section */

/* Begin PBXNativeTarget section */
		9C12A02E27D18F1D0009334D /* DoorCodeNavigation */ = {
			isa = PBXNativeTarget;
			buildConfigurationList = 9C12A05327D18F1F0009334D /* Build configuration list for PBXNativeTarget "DoorCodeNavigation" */;
			buildPhases = (
				9C12A02B27D18F1D0009334D /* Sources */,
				9C12A02C27D18F1D0009334D /* Frameworks */,
				9C12A02D27D18F1D0009334D /* Resources */,
			);
			buildRules = (
			);
			dependencies = (
			);
			name = DoorCodeNavigation;
			packageProductDependencies = (
				84D0D4CB27E3F03100EB48E8 /* CodeScanner */,
			);
			productName = DoorCodeNavigation;
			productReference = 9C12A02F27D18F1D0009334D /* DoorCodeNavigation.app */;
			productType = "com.apple.product-type.application";
		};
		9C12A03E27D18F1F0009334D /* DoorCodeNavigationTests */ = {
			isa = PBXNativeTarget;
			buildConfigurationList = 9C12A05627D18F1F0009334D /* Build configuration list for PBXNativeTarget "DoorCodeNavigationTests" */;
			buildPhases = (
				9C12A03B27D18F1F0009334D /* Sources */,
				9C12A03C27D18F1F0009334D /* Frameworks */,
				9C12A03D27D18F1F0009334D /* Resources */,
			);
			buildRules = (
			);
			dependencies = (
				9C12A04127D18F1F0009334D /* PBXTargetDependency */,
			);
			name = DoorCodeNavigationTests;
			productName = DoorCodeNavigationTests;
			productReference = 9C12A03F27D18F1F0009334D /* DoorCodeNavigationTests.xctest */;
			productType = "com.apple.product-type.bundle.unit-test";
		};
		9C12A04827D18F1F0009334D /* DoorCodeNavigationUITests */ = {
			isa = PBXNativeTarget;
			buildConfigurationList = 9C12A05927D18F1F0009334D /* Build configuration list for PBXNativeTarget "DoorCodeNavigationUITests" */;
			buildPhases = (
				9C12A04527D18F1F0009334D /* Sources */,
				9C12A04627D18F1F0009334D /* Frameworks */,
				9C12A04727D18F1F0009334D /* Resources */,
			);
			buildRules = (
			);
			dependencies = (
				9C12A04B27D18F1F0009334D /* PBXTargetDependency */,
			);
			name = DoorCodeNavigationUITests;
			productName = DoorCodeNavigationUITests;
			productReference = 9C12A04927D18F1F0009334D /* DoorCodeNavigationUITests.xctest */;
			productType = "com.apple.product-type.bundle.ui-testing";
		};
/* End PBXNativeTarget section */

/* Begin PBXProject section */
		9C12A02727D18F1D0009334D /* Project object */ = {
			isa = PBXProject;
			attributes = {
				BuildIndependentTargetsInParallel = 1;
				LastSwiftUpdateCheck = 1320;
				LastUpgradeCheck = 1320;
				TargetAttributes = {
					9C12A02E27D18F1D0009334D = {
						CreatedOnToolsVersion = 13.2.1;
					};
					9C12A03E27D18F1F0009334D = {
						CreatedOnToolsVersion = 13.2.1;
						TestTargetID = 9C12A02E27D18F1D0009334D;
					};
					9C12A04827D18F1F0009334D = {
						CreatedOnToolsVersion = 13.2.1;
						TestTargetID = 9C12A02E27D18F1D0009334D;
					};
				};
			};
			buildConfigurationList = 9C12A02A27D18F1D0009334D /* Build configuration list for PBXProject "DoorCodeNavigation" */;
			compatibilityVersion = "Xcode 13.0";
			developmentRegion = en;
			hasScannedForEncodings = 0;
			knownRegions = (
				en,
				Base,
			);
			mainGroup = 9C12A02627D18F1D0009334D;
			packageReferences = (
				84D0D4CA27E3F03100EB48E8 /* XCRemoteSwiftPackageReference "CodeScanner" */,
			);
			productRefGroup = 9C12A03027D18F1D0009334D /* Products */;
			projectDirPath = "";
			projectRoot = "";
			targets = (
				9C12A02E27D18F1D0009334D /* DoorCodeNavigation */,
				9C12A03E27D18F1F0009334D /* DoorCodeNavigationTests */,
				9C12A04827D18F1F0009334D /* DoorCodeNavigationUITests */,
			);
		};
/* End PBXProject section */

/* Begin PBXResourcesBuildPhase section */
		9C12A02D27D18F1D0009334D /* Resources */ = {
			isa = PBXResourcesBuildPhase;
			buildActionMask = 2147483647;
			files = (
				9C12A03A27D18F1F0009334D /* Preview Assets.xcassets in Resources */,
				C531C01E2808D630006A8DC0 /* turnright.mp3 in Resources */,
				C531C0202808D634006A8DC0 /* turnleft.mp3 in Resources */,
				9C12A03727D18F1F0009334D /* Assets.xcassets in Resources */,
			);
			runOnlyForDeploymentPostprocessing = 0;
		};
		9C12A03D27D18F1F0009334D /* Resources */ = {
			isa = PBXResourcesBuildPhase;
			buildActionMask = 2147483647;
			files = (
			);
			runOnlyForDeploymentPostprocessing = 0;
		};
		9C12A04727D18F1F0009334D /* Resources */ = {
			isa = PBXResourcesBuildPhase;
			buildActionMask = 2147483647;
			files = (
			);
			runOnlyForDeploymentPostprocessing = 0;
		};
/* End PBXResourcesBuildPhase section */

/* Begin PBXSourcesBuildPhase section */
		9C12A02B27D18F1D0009334D /* Sources */ = {
			isa = PBXSourcesBuildPhase;
			buildActionMask = 2147483647;
			files = (
				C5FB40572811E098008809AA /* distancemanager.swift in Sources */,
				C5FB40592811E9C2008809AA /* MockPedometer.swift in Sources */,
				846A91E32811FFC100CC2ABE /* Pedometer.swift in Sources */,
				C531C01A2808CE64006A8DC0 /* AudioSounds.swift in Sources */,
				84D0D48127D9C1A800EB48E8 /* AppDataModel.swift in Sources */,
				846A91E12811FF5B00CC2ABE /* Haptics.swift in Sources */,
				9C12A03527D18F1D0009334D /* ContentView.swift in Sources */,
				84D0D48327D9C99600EB48E8 /* Home.swift in Sources */,
				9C12A03327D18F1D0009334D /* DoorCodeNavigationApp.swift in Sources */,
			);
			runOnlyForDeploymentPostprocessing = 0;
		};
		9C12A03B27D18F1F0009334D /* Sources */ = {
			isa = PBXSourcesBuildPhase;
			buildActionMask = 2147483647;
			files = (
				9C12A04427D18F1F0009334D /* DoorCodeNavigationTests.swift in Sources */,
			);
			runOnlyForDeploymentPostprocessing = 0;
		};
		9C12A04527D18F1F0009334D /* Sources */ = {
			isa = PBXSourcesBuildPhase;
			buildActionMask = 2147483647;
			files = (
				9C12A04E27D18F1F0009334D /* DoorCodeNavigationUITests.swift in Sources */,
				9C12A05027D18F1F0009334D /* DoorCodeNavigationUITestsLaunchTests.swift in Sources */,
			);
			runOnlyForDeploymentPostprocessing = 0;
		};
/* End PBXSourcesBuildPhase section */

/* Begin PBXTargetDependency section */
		9C12A04127D18F1F0009334D /* PBXTargetDependency */ = {
			isa = PBXTargetDependency;
			target = 9C12A02E27D18F1D0009334D /* DoorCodeNavigation */;
			targetProxy = 9C12A04027D18F1F0009334D /* PBXContainerItemProxy */;
		};
		9C12A04B27D18F1F0009334D /* PBXTargetDependency */ = {
			isa = PBXTargetDependency;
			target = 9C12A02E27D18F1D0009334D /* DoorCodeNavigation */;
			targetProxy = 9C12A04A27D18F1F0009334D /* PBXContainerItemProxy */;
		};
/* End PBXTargetDependency section */

/* Begin XCBuildConfiguration section */
		9C12A05127D18F1F0009334D /* Debug */ = {
			isa = XCBuildConfiguration;
			buildSettings = {
				ALWAYS_SEARCH_USER_PATHS = NO;
				CLANG_ANALYZER_NONNULL = YES;
				CLANG_ANALYZER_NUMBER_OBJECT_CONVERSION = YES_AGGRESSIVE;
				CLANG_CXX_LANGUAGE_STANDARD = "gnu++17";
				CLANG_CXX_LIBRARY = "libc++";
				CLANG_ENABLE_MODULES = YES;
				CLANG_ENABLE_OBJC_ARC = YES;
				CLANG_ENABLE_OBJC_WEAK = YES;
				CLANG_WARN_BLOCK_CAPTURE_AUTORELEASING = YES;
				CLANG_WARN_BOOL_CONVERSION = YES;
				CLANG_WARN_COMMA = YES;
				CLANG_WARN_CONSTANT_CONVERSION = YES;
				CLANG_WARN_DEPRECATED_OBJC_IMPLEMENTATIONS = YES;
				CLANG_WARN_DIRECT_OBJC_ISA_USAGE = YES_ERROR;
				CLANG_WARN_DOCUMENTATION_COMMENTS = YES;
				CLANG_WARN_EMPTY_BODY = YES;
				CLANG_WARN_ENUM_CONVERSION = YES;
				CLANG_WARN_INFINITE_RECURSION = YES;
				CLANG_WARN_INT_CONVERSION = YES;
				CLANG_WARN_NON_LITERAL_NULL_CONVERSION = YES;
				CLANG_WARN_OBJC_IMPLICIT_RETAIN_SELF = YES;
				CLANG_WARN_OBJC_LITERAL_CONVERSION = YES;
				CLANG_WARN_OBJC_ROOT_CLASS = YES_ERROR;
				CLANG_WARN_QUOTED_INCLUDE_IN_FRAMEWORK_HEADER = YES;
				CLANG_WARN_RANGE_LOOP_ANALYSIS = YES;
				CLANG_WARN_STRICT_PROTOTYPES = YES;
				CLANG_WARN_SUSPICIOUS_MOVE = YES;
				CLANG_WARN_UNGUARDED_AVAILABILITY = YES_AGGRESSIVE;
				CLANG_WARN_UNREACHABLE_CODE = YES;
				CLANG_WARN__DUPLICATE_METHOD_MATCH = YES;
				COPY_PHASE_STRIP = NO;
				DEBUG_INFORMATION_FORMAT = dwarf;
				ENABLE_STRICT_OBJC_MSGSEND = YES;
				ENABLE_TESTABILITY = YES;
				GCC_C_LANGUAGE_STANDARD = gnu11;
				GCC_DYNAMIC_NO_PIC = NO;
				GCC_NO_COMMON_BLOCKS = YES;
				GCC_OPTIMIZATION_LEVEL = 0;
				GCC_PREPROCESSOR_DEFINITIONS = (
					"DEBUG=1",
					"$(inherited)",
				);
				GCC_WARN_64_TO_32_BIT_CONVERSION = YES;
				GCC_WARN_ABOUT_RETURN_TYPE = YES_ERROR;
				GCC_WARN_UNDECLARED_SELECTOR = YES;
				GCC_WARN_UNINITIALIZED_AUTOS = YES_AGGRESSIVE;
				GCC_WARN_UNUSED_FUNCTION = YES;
				GCC_WARN_UNUSED_VARIABLE = YES;
				IPHONEOS_DEPLOYMENT_TARGET = 15.2;
				MTL_ENABLE_DEBUG_INFO = INCLUDE_SOURCE;
				MTL_FAST_MATH = YES;
				ONLY_ACTIVE_ARCH = YES;
				SDKROOT = iphoneos;
				SWIFT_ACTIVE_COMPILATION_CONDITIONS = DEBUG;
				SWIFT_OPTIMIZATION_LEVEL = "-Onone";
			};
			name = Debug;
		};
		9C12A05227D18F1F0009334D /* Release */ = {
			isa = XCBuildConfiguration;
			buildSettings = {
				ALWAYS_SEARCH_USER_PATHS = NO;
				CLANG_ANALYZER_NONNULL = YES;
				CLANG_ANALYZER_NUMBER_OBJECT_CONVERSION = YES_AGGRESSIVE;
				CLANG_CXX_LANGUAGE_STANDARD = "gnu++17";
				CLANG_CXX_LIBRARY = "libc++";
				CLANG_ENABLE_MODULES = YES;
				CLANG_ENABLE_OBJC_ARC = YES;
				CLANG_ENABLE_OBJC_WEAK = YES;
				CLANG_WARN_BLOCK_CAPTURE_AUTORELEASING = YES;
				CLANG_WARN_BOOL_CONVERSION = YES;
				CLANG_WARN_COMMA = YES;
				CLANG_WARN_CONSTANT_CONVERSION = YES;
				CLANG_WARN_DEPRECATED_OBJC_IMPLEMENTATIONS = YES;
				CLANG_WARN_DIRECT_OBJC_ISA_USAGE = YES_ERROR;
				CLANG_WARN_DOCUMENTATION_COMMENTS = YES;
				CLANG_WARN_EMPTY_BODY = YES;
				CLANG_WARN_ENUM_CONVERSION = YES;
				CLANG_WARN_INFINITE_RECURSION = YES;
				CLANG_WARN_INT_CONVERSION = YES;
				CLANG_WARN_NON_LITERAL_NULL_CONVERSION = YES;
				CLANG_WARN_OBJC_IMPLICIT_RETAIN_SELF = YES;
				CLANG_WARN_OBJC_LITERAL_CONVERSION = YES;
				CLANG_WARN_OBJC_ROOT_CLASS = YES_ERROR;
				CLANG_WARN_QUOTED_INCLUDE_IN_FRAMEWORK_HEADER = YES;
				CLANG_WARN_RANGE_LOOP_ANALYSIS = YES;
				CLANG_WARN_STRICT_PROTOTYPES = YES;
				CLANG_WARN_SUSPICIOUS_MOVE = YES;
				CLANG_WARN_UNGUARDED_AVAILABILITY = YES_AGGRESSIVE;
				CLANG_WARN_UNREACHABLE_CODE = YES;
				CLANG_WARN__DUPLICATE_METHOD_MATCH = YES;
				COPY_PHASE_STRIP = NO;
				DEBUG_INFORMATION_FORMAT = "dwarf-with-dsym";
				ENABLE_NS_ASSERTIONS = NO;
				ENABLE_STRICT_OBJC_MSGSEND = YES;
				GCC_C_LANGUAGE_STANDARD = gnu11;
				GCC_NO_COMMON_BLOCKS = YES;
				GCC_WARN_64_TO_32_BIT_CONVERSION = YES;
				GCC_WARN_ABOUT_RETURN_TYPE = YES_ERROR;
				GCC_WARN_UNDECLARED_SELECTOR = YES;
				GCC_WARN_UNINITIALIZED_AUTOS = YES_AGGRESSIVE;
				GCC_WARN_UNUSED_FUNCTION = YES;
				GCC_WARN_UNUSED_VARIABLE = YES;
				IPHONEOS_DEPLOYMENT_TARGET = 15.2;
				MTL_ENABLE_DEBUG_INFO = NO;
				MTL_FAST_MATH = YES;
				SDKROOT = iphoneos;
				SWIFT_COMPILATION_MODE = wholemodule;
				SWIFT_OPTIMIZATION_LEVEL = "-O";
				VALIDATE_PRODUCT = YES;
			};
			name = Release;
		};
		9C12A05427D18F1F0009334D /* Debug */ = {
			isa = XCBuildConfiguration;
			buildSettings = {
				ASSETCATALOG_COMPILER_APPICON_NAME = AppIcon;
				ASSETCATALOG_COMPILER_GLOBAL_ACCENT_COLOR_NAME = AccentColor;
				CODE_SIGN_STYLE = Automatic;
				CURRENT_PROJECT_VERSION = 1;
				DEVELOPMENT_ASSET_PATHS = "\"DoorCodeNavigation/Preview Content\"";
				DEVELOPMENT_TEAM = T9MQMG8LLF;
				ENABLE_PREVIEWS = YES;
				GENERATE_INFOPLIST_FILE = YES;
				INFOPLIST_FILE = DoorCodeNavigation/Info.plist;
				INFOPLIST_KEY_NSCameraUsageDescription = "Need camera for QR";
				INFOPLIST_KEY_NSMotionUsageDescription = "We need to track steps for navigation.";
				INFOPLIST_KEY_UIApplicationSceneManifest_Generation = YES;
				INFOPLIST_KEY_UIApplicationSupportsIndirectInputEvents = YES;
				INFOPLIST_KEY_UILaunchScreen_Generation = YES;
				INFOPLIST_KEY_UISupportedInterfaceOrientations_iPad = "UIInterfaceOrientationPortrait UIInterfaceOrientationPortraitUpsideDown UIInterfaceOrientationLandscapeLeft UIInterfaceOrientationLandscapeRight";
				INFOPLIST_KEY_UISupportedInterfaceOrientations_iPhone = "UIInterfaceOrientationPortrait UIInterfaceOrientationLandscapeLeft UIInterfaceOrientationLandscapeRight";
				LD_RUNPATH_SEARCH_PATHS = (
					"$(inherited)",
					"@executable_path/Frameworks",
				);
				MARKETING_VERSION = 1.0;
				PRODUCT_BUNDLE_IDENTIFIER = doorcodes69;
				PRODUCT_NAME = "$(TARGET_NAME)";
				SWIFT_EMIT_LOC_STRINGS = YES;
				SWIFT_VERSION = 5.0;
				TARGETED_DEVICE_FAMILY = "1,2";
			};
			name = Debug;
		};
		9C12A05527D18F1F0009334D /* Release */ = {
			isa = XCBuildConfiguration;
			buildSettings = {
				ASSETCATALOG_COMPILER_APPICON_NAME = AppIcon;
				ASSETCATALOG_COMPILER_GLOBAL_ACCENT_COLOR_NAME = AccentColor;
				CODE_SIGN_STYLE = Automatic;
				CURRENT_PROJECT_VERSION = 1;
				DEVELOPMENT_ASSET_PATHS = "\"DoorCodeNavigation/Preview Content\"";
				DEVELOPMENT_TEAM = T9MQMG8LLF;
				ENABLE_PREVIEWS = YES;
				GENERATE_INFOPLIST_FILE = YES;
				INFOPLIST_FILE = DoorCodeNavigation/Info.plist;
				INFOPLIST_KEY_NSCameraUsageDescription = "Need camera for QR";
				INFOPLIST_KEY_NSMotionUsageDescription = "We need to track steps for navigation.";
				INFOPLIST_KEY_UIApplicationSceneManifest_Generation = YES;
				INFOPLIST_KEY_UIApplicationSupportsIndirectInputEvents = YES;
				INFOPLIST_KEY_UILaunchScreen_Generation = YES;
				INFOPLIST_KEY_UISupportedInterfaceOrientations_iPad = "UIInterfaceOrientationPortrait UIInterfaceOrientationPortraitUpsideDown UIInterfaceOrientationLandscapeLeft UIInterfaceOrientationLandscapeRight";
				INFOPLIST_KEY_UISupportedInterfaceOrientations_iPhone = "UIInterfaceOrientationPortrait UIInterfaceOrientationLandscapeLeft UIInterfaceOrientationLandscapeRight";
				LD_RUNPATH_SEARCH_PATHS = (
					"$(inherited)",
					"@executable_path/Frameworks",
				);
				MARKETING_VERSION = 1.0;
				PRODUCT_BUNDLE_IDENTIFIER = doorcodes69;
				PRODUCT_NAME = "$(TARGET_NAME)";
				SWIFT_EMIT_LOC_STRINGS = YES;
				SWIFT_VERSION = 5.0;
				TARGETED_DEVICE_FAMILY = "1,2";
			};
			name = Release;
		};
		9C12A05727D18F1F0009334D /* Debug */ = {
			isa = XCBuildConfiguration;
			buildSettings = {
				ALWAYS_EMBED_SWIFT_STANDARD_LIBRARIES = YES;
				BUNDLE_LOADER = "$(TEST_HOST)";
				CODE_SIGN_STYLE = Automatic;
				CURRENT_PROJECT_VERSION = 1;
				DEVELOPMENT_TEAM = U9UJF22W9Y;
				GENERATE_INFOPLIST_FILE = YES;
				IPHONEOS_DEPLOYMENT_TARGET = 15.2;
				MARKETING_VERSION = 1.0;
				PRODUCT_BUNDLE_IDENTIFIER = com.DCN.DoorCodeNavigationTests;
				PRODUCT_NAME = "$(TARGET_NAME)";
				SWIFT_EMIT_LOC_STRINGS = NO;
				SWIFT_VERSION = 5.0;
				TARGETED_DEVICE_FAMILY = "1,2";
				TEST_HOST = "$(BUILT_PRODUCTS_DIR)/DoorCodeNavigation.app/DoorCodeNavigation";
			};
			name = Debug;
		};
		9C12A05827D18F1F0009334D /* Release */ = {
			isa = XCBuildConfiguration;
			buildSettings = {
				ALWAYS_EMBED_SWIFT_STANDARD_LIBRARIES = YES;
				BUNDLE_LOADER = "$(TEST_HOST)";
				CODE_SIGN_STYLE = Automatic;
				CURRENT_PROJECT_VERSION = 1;
				DEVELOPMENT_TEAM = U9UJF22W9Y;
				GENERATE_INFOPLIST_FILE = YES;
				IPHONEOS_DEPLOYMENT_TARGET = 15.2;
				MARKETING_VERSION = 1.0;
				PRODUCT_BUNDLE_IDENTIFIER = com.DCN.DoorCodeNavigationTests;
				PRODUCT_NAME = "$(TARGET_NAME)";
				SWIFT_EMIT_LOC_STRINGS = NO;
				SWIFT_VERSION = 5.0;
				TARGETED_DEVICE_FAMILY = "1,2";
				TEST_HOST = "$(BUILT_PRODUCTS_DIR)/DoorCodeNavigation.app/DoorCodeNavigation";
			};
			name = Release;
		};
		9C12A05A27D18F1F0009334D /* Debug */ = {
			isa = XCBuildConfiguration;
			buildSettings = {
				ALWAYS_EMBED_SWIFT_STANDARD_LIBRARIES = YES;
				CODE_SIGN_STYLE = Automatic;
				CURRENT_PROJECT_VERSION = 1;
				DEVELOPMENT_TEAM = U9UJF22W9Y;
				GENERATE_INFOPLIST_FILE = YES;
				MARKETING_VERSION = 1.0;
				PRODUCT_BUNDLE_IDENTIFIER = com.DCN.DoorCodeNavigationUITests;
				PRODUCT_NAME = "$(TARGET_NAME)";
				SWIFT_EMIT_LOC_STRINGS = NO;
				SWIFT_VERSION = 5.0;
				TARGETED_DEVICE_FAMILY = "1,2";
				TEST_TARGET_NAME = DoorCodeNavigation;
			};
			name = Debug;
		};
		9C12A05B27D18F1F0009334D /* Release */ = {
			isa = XCBuildConfiguration;
			buildSettings = {
				ALWAYS_EMBED_SWIFT_STANDARD_LIBRARIES = YES;
				CODE_SIGN_STYLE = Automatic;
				CURRENT_PROJECT_VERSION = 1;
				DEVELOPMENT_TEAM = U9UJF22W9Y;
				GENERATE_INFOPLIST_FILE = YES;
				MARKETING_VERSION = 1.0;
				PRODUCT_BUNDLE_IDENTIFIER = com.DCN.DoorCodeNavigationUITests;
				PRODUCT_NAME = "$(TARGET_NAME)";
				SWIFT_EMIT_LOC_STRINGS = NO;
				SWIFT_VERSION = 5.0;
				TARGETED_DEVICE_FAMILY = "1,2";
				TEST_TARGET_NAME = DoorCodeNavigation;
			};
			name = Release;
		};
/* End XCBuildConfiguration section */

/* Begin XCConfigurationList section */
		9C12A02A27D18F1D0009334D /* Build configuration list for PBXProject "DoorCodeNavigation" */ = {
			isa = XCConfigurationList;
			buildConfigurations = (
				9C12A05127D18F1F0009334D /* Debug */,
				9C12A05227D18F1F0009334D /* Release */,
			);
			defaultConfigurationIsVisible = 0;
			defaultConfigurationName = Release;
		};
		9C12A05327D18F1F0009334D /* Build configuration list for PBXNativeTarget "DoorCodeNavigation" */ = {
			isa = XCConfigurationList;
			buildConfigurations = (
				9C12A05427D18F1F0009334D /* Debug */,
				9C12A05527D18F1F0009334D /* Release */,
			);
			defaultConfigurationIsVisible = 0;
			defaultConfigurationName = Release;
		};
		9C12A05627D18F1F0009334D /* Build configuration list for PBXNativeTarget "DoorCodeNavigationTests" */ = {
			isa = XCConfigurationList;
			buildConfigurations = (
				9C12A05727D18F1F0009334D /* Debug */,
				9C12A05827D18F1F0009334D /* Release */,
			);
			defaultConfigurationIsVisible = 0;
			defaultConfigurationName = Release;
		};
		9C12A05927D18F1F0009334D /* Build configuration list for PBXNativeTarget "DoorCodeNavigationUITests" */ = {
			isa = XCConfigurationList;
			buildConfigurations = (
				9C12A05A27D18F1F0009334D /* Debug */,
				9C12A05B27D18F1F0009334D /* Release */,
			);
			defaultConfigurationIsVisible = 0;
			defaultConfigurationName = Release;
		};
/* End XCConfigurationList section */

/* Begin XCRemoteSwiftPackageReference section */
		84D0D4CA27E3F03100EB48E8 /* XCRemoteSwiftPackageReference "CodeScanner" */ = {
			isa = XCRemoteSwiftPackageReference;
			repositoryURL = "https://github.com/twostraws/CodeScanner.git";
			requirement = {
				kind = upToNextMajorVersion;
				minimumVersion = 2.0.0;
			};
		};
/* End XCRemoteSwiftPackageReference section */

/* Begin XCSwiftPackageProductDependency section */
		84D0D4CB27E3F03100EB48E8 /* CodeScanner */ = {
			isa = XCSwiftPackageProductDependency;
			package = 84D0D4CA27E3F03100EB48E8 /* XCRemoteSwiftPackageReference "CodeScanner" */;
			productName = CodeScanner;
		};
/* End XCSwiftPackageProductDependency section */
	};
	rootObject = 9C12A02727D18F1D0009334D /* Project object */;
}
